
Microsoft Visual Studio Solution File, Format Version 12.00
# Visual Studio 15
VisualStudioVersion = 15.0.27703.2042
MinimumVisualStudioVersion = 10.0.40219.1
Project("{8BC9CEB8-8B4A-11D0-8D11-00A0C91BC942}") = "TestConsoleApp", "TestConsoleApp\TestConsoleApp.vcxproj", "{F76ABC11-2A05-4996-9F07-2F63EDCE43A5}"
EndProject
Global
	GlobalSection(SolutionConfigurationPlatforms) = preSolution
		Debug|x64 = Debug|x64
		Debug|x86 = Debug|x86
		Release|x64 = Release|x64
		Release|x86 = Release|x86
	EndGlobalSection
	GlobalSection(ProjectConfigurationPlatforms) = postSolution
		{F76ABC11-2A05-4996-9F07-2F63EDCE43A5}.Debug|x64.ActiveCfg = Debug|x64
		{F76ABC11-2A05-4996-9F07-2F63EDCE43A5}.Debug|x64.Build.0 = Debug|x64
		{F76ABC11-2A05-4996-9F07-2F63EDCE43A5}.Debug|x86.ActiveCfg = Debug|Win32
		{F76ABC11-2A05-4996-9F07-2F63EDCE43A5}.Debug|x86.Build.0 = Debug|Win32
		{F76ABC11-2A05-4996-9F07-2F63EDCE43A5}.Release|x64.ActiveCfg = Release|x64
		{F76ABC11-2A05-4996-9F07-2F63EDCE43A5}.Release|x64.Build.0 = Release|x64
		{F76ABC11-2A05-4996-9F07-2F63EDCE43A5}.Release|x86.ActiveCfg = Release|Win32
		{F76ABC11-2A05-4996-9F07-2F63EDCE43A5}.Release|x86.Build.0 = Release|Win32
	EndGlobalSection
	GlobalSection(SolutionProperties) = preSolution
		HideSolutionNode = FALSE
	EndGlobalSection
	GlobalSection(ExtensibilityGlobals) = postSolution
		SolutionGuid = {F416E1BD-B56B-4087-BB4D-650985A37C91}
	EndGlobalSection
EndGlobal
